<?xml version="1.0" encoding="utf-8"?>
<Project ToolsVersion="4.0" xmlns="http://schemas.microsoft.com/developer/msbuild/2003">
  <ItemGroup>
    <Filter Include="Source Files">
      <UniqueIdentifier>{4FC737F1-C7A5-4376-A066-2A32D752A2FF}</UniqueIdentifier>
      <Extensions>cpp;c;cc;cxx;def;odl;idl;hpj;bat;asm;asmx</Extensions>
    </Filter>
    <Filter Include="Header Files">
      <UniqueIdentifier>{93995380-89BD-4b04-88EB-625FBE52EBFB}</UniqueIdentifier>
      <Extensions>h;hpp;hxx;hm;inl;inc;xsd</Extensions>
    </Filter>
    <Filter Include="Resources">
      <UniqueIdentifier>{ef08e967-78e0-464b-b987-283cce69507d}</UniqueIdentifier>
    </Filter>
  </ItemGroup>
  <ItemGroup>
    <ClCompile Include="Molecule.cpp">
      <Filter>Source Files</Filter>
    </ClCompile>
    <ClCompile Include="DMC.cpp">
      <Filter>Source Files</Filter>
    </ClCompile>
    <ClCompile Include="Potential.cpp">
      <Filter>Source Files</Filter>
    </ClCompile>
    <ClCompile Include="sandbox.cpp">
      <Filter>Source Files</Filter>
    </ClCompile>
    <ClCompile Include="LogDMCOutput.cpp">
      <Filter>Source Files</Filter>
    </ClCompile>
    <ClCompile Include="readInputFile.cpp">
      <Filter>Source Files</Filter>
    </ClCompile>
  </ItemGroup>
  <ItemGroup>
    <ClInclude Include="Molecule.h">
      <Filter>Header Files</Filter>
    </ClInclude>
    <ClInclude Include="DMC.h">
      <Filter>Header Files</Filter>
    </ClInclude>
    <ClInclude Include="Potential.h">
      <Filter>Header Files</Filter>
    </ClInclude>
    <ClInclude Include="atomicMasses.h">
      <Filter>Header Files</Filter>
    </ClInclude>
    <ClInclude Include="Timer.h">
      <Filter>Header Files</Filter>
    </ClInclude>
    <ClInclude Include="LogDMCOutput.h">
      <Filter>Header Files</Filter>
    </ClInclude>
    <ClInclude Include="readInputFile.h">
      <Filter>Header Files</Filter>
    </ClInclude>
  </ItemGroup>
  <ItemGroup>
    <Text Include="input_file.txt">
      <Filter>Resources</Filter>
    </Text>
    <Text Include="HO_2_test.txt">
      <Filter>Resources</Filter>
    </Text>
  </ItemGroup>
</Project>